
Microsoft Visual Studio Solution File, Format Version 12.00
# Visual Studio 15
VisualStudioVersion = 15.0.27703.2042
MinimumVisualStudioVersion = 10.0.40219.1
Project("{FAE04EC0-301F-11D3-BF4B-00C04F79EFBC}") = "Practica01", "Practica01\Practica01.csproj", "{B437FFB8-99E9-45A2-885B-3207C1CBB81A}"
EndProject
Global
	GlobalSection(SolutionConfigurationPlatforms) = preSolution
		Debug|Any CPU = Debug|Any CPU
		Release|Any CPU = Release|Any CPU
	EndGlobalSection
	GlobalSection(ProjectConfigurationPlatforms) = postSolution
		{B437FFB8-99E9-45A2-885B-3207C1CBB81A}.Debug|Any CPU.ActiveCfg = Debug|Any CPU
		{B437FFB8-99E9-45A2-885B-3207C1CBB81A}.Debug|Any CPU.Build.0 = Debug|Any CPU
		{B437FFB8-99E9-45A2-885B-3207C1CBB81A}.Release|Any CPU.ActiveCfg = Release|Any CPU
		{B437FFB8-99E9-45A2-885B-3207C1CBB81A}.Release|Any CPU.Build.0 = Release|Any CPU
	EndGlobalSection
	GlobalSection(SolutionProperties) = preSolution
		HideSolutionNode = FALSE
	EndGlobalSection
	GlobalSection(ExtensibilityGlobals) = postSolution
		SolutionGuid = {C14D6AF7-B4B7-4C74-B6AE-EBA86851BB83}
	EndGlobalSection
EndGlobal
